schema: '2.0'
stages:
  samples:
    cmd: python -m data.samples.build_synthetic_pairs
    deps:
    - path: data/samples/build_synthetic_pairs.py
      hash: md5
      md5: a7d9173af8c0fd8d2b0f2df95d754d32
      size: 6293
    - path: data/samples/raw
      hash: md5
      md5: b8bd401920f937a25f24f9c89ee032dd.dir
      size: 983724
      nfiles: 2
    outs:
    - path: data/samples/ground_truth.json
      hash: md5
      md5: abbc62bcacb45878a88360299d7ec487
      size: 5270
    - path: data/samples/pair_native
      hash: md5
      md5: f9a5c3860a5d55fdfbe322e6c431b3b9.dir
      size: 1186944
      nfiles: 2
    - path: data/samples/pair_scanned
      hash: md5
      md5: c487c4079638ae8fd0f7775c72b95d60.dir
      size: 104498172
      nfiles: 2
  eval:
    cmd: python -m eval.run_eval
    deps:
    - path: data/samples/ground_truth.json
      hash: md5
      md5: abbc62bcacb45878a88360299d7ec487
      size: 5270
    - path: data/samples/pair_native
      hash: md5
      md5: f9a5c3860a5d55fdfbe322e6c431b3b9.dir
      size: 1186944
      nfiles: 2
    - path: data/samples/pair_scanned
      hash: md5
      md5: c487c4079638ae8fd0f7775c72b95d60.dir
      size: 104498172
      nfiles: 2
    - path: eval/datasets
      hash: md5
      md5: 8d3ac38f7d0c186cc1173fa7de38f6cd.dir
      size: 2099
      nfiles: 2
    - path: eval/metrics.py
      hash: md5
      md5: 31e93d96f0acd0eb2ffea467b0f89110
      size: 5827
    - path: eval/run_eval.py
      hash: md5
      md5: 5e12e47209577a9d7af3e903867267b4
      size: 11165
    - path: src/chat
      hash: md5
      md5: e50eb6bef299fa572863b92583c15054.dir
      size: 104133
      nfiles: 14
    - path: src/delta
      hash: md5
      md5: 96b9d2f92b865fda8dfbd7d1e30c181b.dir
      size: 47343
      nfiles: 10
    params:
      params.yaml:
        delta.fuzzy_match_threshold: 78.0
        delta.modified_text_threshold: 99.5
        delta.spatial_match_max_dist: 60.0
        retrieval.min_score: 0.05
        retrieval.top_k: 8
    outs:
    - path: eval/results/latest_metrics.json
      hash: md5
      md5: a3625333f55a1f589453c30db9e0f3f4
      size: 271
